
Microsoft Visual Studio Solution File, Format Version 12.00
# Visual Studio Version 17
VisualStudioVersion = 17.10.34902.84
MinimumVisualStudioVersion = 10.0.40219.1
Project("{FAE04EC0-301F-11D3-BF4B-00C04F79EFBC}") = "MongoDbTest", "MongoDbTest\MongoDbTest.csproj", "{2A1DEA46-ADE0-4B11-9DFF-D388BF46B8AD}"
EndProject
Global
	GlobalSection(SolutionConfigurationPlatforms) = preSolution
		Debug|Any CPU = Debug|Any CPU
		Release|Any CPU = Release|Any CPU
	EndGlobalSection
	GlobalSection(ProjectConfigurationPlatforms) = postSolution
		{2A1DEA46-ADE0-4B11-9DFF-D388BF46B8AD}.Debug|Any CPU.ActiveCfg = Debug|Any CPU
		{2A1DEA46-ADE0-4B11-9DFF-D388BF46B8AD}.Debug|Any CPU.Build.0 = Debug|Any CPU
		{2A1DEA46-ADE0-4B11-9DFF-D388BF46B8AD}.Release|Any CPU.ActiveCfg = Release|Any CPU
		{2A1DEA46-ADE0-4B11-9DFF-D388BF46B8AD}.Release|Any CPU.Build.0 = Release|Any CPU
	EndGlobalSection
	GlobalSection(SolutionProperties) = preSolution
		HideSolutionNode = FALSE
	EndGlobalSection
	GlobalSection(ExtensibilityGlobals) = postSolution
		SolutionGuid = {40944B37-DDD3-4BDE-AF43-1AF38F08EE88}
	EndGlobalSection
EndGlobal
